// !$*UTF8*$!
{
	archiveVersion = 1;
	classes = {
	};
	objectVersion = 56;
	objects = {

/* Begin PBXBuildFile section */
		1B27AD0CD3F98B39B754058D /* Pods_OrbitalHappyTownNew.framework in Frameworks */ = {isa = PBXBuildFile; fileRef = 71E9142A02FBA8AD4BEE2F36 /* Pods_OrbitalHappyTownNew.framework */; };
		3D17A2AF2A417D5A0018AE00 /* GroundingYourself.png in Resources */ = {isa = PBXBuildFile; fileRef = 3D17A2AE2A417D5A0018AE00 /* GroundingYourself.png */; };
		3D17A2B72A4182D30018AE00 /* ManagingAnxietyViewController.swift in Sources */ = {isa = PBXBuildFile; fileRef = 3D17A2B62A4182D30018AE00 /* ManagingAnxietyViewController.swift */; };
		3D17A2B92A4183E40018AE00 /* FindingJoy.png in Resources */ = {isa = PBXBuildFile; fileRef = 3D17A2B82A4183E30018AE00 /* FindingJoy.png */; };
		3D17A2BB2A4184E40018AE00 /* KindnessTowardsYourselfViewContoller.swift in Sources */ = {isa = PBXBuildFile; fileRef = 3D17A2BA2A4184E40018AE00 /* KindnessTowardsYourselfViewContoller.swift */; };
		3D1C4CB82A23D61E00C12E7B /* FirebaseFirestore.framework in Frameworks */ = {isa = PBXBuildFile; fileRef = 3D1C4CB72A23D61E00C12E7B /* FirebaseFirestore.framework */; };
		3D1D6E322A23CE1F00FF11DE /* GoogleService-Info.plist in Resources */ = {isa = PBXBuildFile; fileRef = 3D1D6E312A23CE1F00FF11DE /* GoogleService-Info.plist */; };
		3D28B7582A23D25B0002D9DB /* Utilities.swift in Sources */ = {isa = PBXBuildFile; fileRef = 3D28B7572A23D25B0002D9DB /* Utilities.swift */; };
		3D2947162A47F8AE00BCB113 /* CalendarViewController.swift in Sources */ = {isa = PBXBuildFile; fileRef = 3D2947152A47F8AE00BCB113 /* CalendarViewController.swift */; };
		3D4080B42A3861E50038316D /* MoodTrackerViewController.swift in Sources */ = {isa = PBXBuildFile; fileRef = 3D4080B32A3861E50038316D /* MoodTrackerViewController.swift */; };
		3D4B87192A453CD000C8F11C /* HistoryViewController.swift in Sources */ = {isa = PBXBuildFile; fileRef = 3D4B87182A453CD000C8F11C /* HistoryViewController.swift */; };
		3D4C33472A482DE20098125E /* CalendarCell.swift in Sources */ = {isa = PBXBuildFile; fileRef = 3D4C33462A482DE20098125E /* CalendarCell.swift */; };
		3D4C33492A4831100098125E /* CalendarHelper.swift in Sources */ = {isa = PBXBuildFile; fileRef = 3D4C33482A4831100098125E /* CalendarHelper.swift */; };
		3D4C334B2A486BDC0098125E /* StudySessionsViewController.swift in Sources */ = {isa = PBXBuildFile; fileRef = 3D4C334A2A486BDC0098125E /* StudySessionsViewController.swift */; };
		3D4C334D2A486BEF0098125E /* ClassicalViewController.swift in Sources */ = {isa = PBXBuildFile; fileRef = 3D4C334C2A486BEF0098125E /* ClassicalViewController.swift */; };
		3D4C334F2A486BFE0098125E /* SoothingMusicViewController.swift in Sources */ = {isa = PBXBuildFile; fileRef = 3D4C334E2A486BFE0098125E /* SoothingMusicViewController.swift */; };
		3D4C33512A486C0A0098125E /* PianoViewController.swift in Sources */ = {isa = PBXBuildFile; fileRef = 3D4C33502A486C0A0098125E /* PianoViewController.swift */; };
		3D4C33532A486C140098125E /* RelaxationViewController.swift in Sources */ = {isa = PBXBuildFile; fileRef = 3D4C33522A486C140098125E /* RelaxationViewController.swift */; };
		3D4C33552A486C1F0098125E /* NighttimeViewController.swift in Sources */ = {isa = PBXBuildFile; fileRef = 3D4C33542A486C1F0098125E /* NighttimeViewController.swift */; };
		3D4C33592A4877F80098125E /* Breathing.png in Resources */ = {isa = PBXBuildFile; fileRef = 3D4C33582A4877F70098125E /* Breathing.png */; };
		3D4C335B2A4897D80098125E /* ProfileViewController.swift in Sources */ = {isa = PBXBuildFile; fileRef = 3D4C335A2A4897D80098125E /* ProfileViewController.swift */; };
		3D4C335D2A48990D0098125E /* Background.jpeg in Resources */ = {isa = PBXBuildFile; fileRef = 3D4C335C2A48990D0098125E /* Background.jpeg */; };
		3D4C33612A489D240098125E /* Profile.png in Resources */ = {isa = PBXBuildFile; fileRef = 3D4C33602A489D230098125E /* Profile.png */; };
		3DA340382A23BA1A00BFC3BD /* AppDelegate.swift in Sources */ = {isa = PBXBuildFile; fileRef = 3DA340372A23BA1A00BFC3BD /* AppDelegate.swift */; };
		3DA3403A2A23BA1A00BFC3BD /* SceneDelegate.swift in Sources */ = {isa = PBXBuildFile; fileRef = 3DA340392A23BA1A00BFC3BD /* SceneDelegate.swift */; };
		3DA3403C2A23BA1A00BFC3BD /* ViewController.swift in Sources */ = {isa = PBXBuildFile; fileRef = 3DA3403B2A23BA1A00BFC3BD /* ViewController.swift */; };
		3DA3403F2A23BA1A00BFC3BD /* Main.storyboard in Resources */ = {isa = PBXBuildFile; fileRef = 3DA3403D2A23BA1A00BFC3BD /* Main.storyboard */; };
		3DA340412A23BA1C00BFC3BD /* Assets.xcassets in Resources */ = {isa = PBXBuildFile; fileRef = 3DA340402A23BA1C00BFC3BD /* Assets.xcassets */; };
		3DA340442A23BA1C00BFC3BD /* LaunchScreen.storyboard in Resources */ = {isa = PBXBuildFile; fileRef = 3DA340422A23BA1C00BFC3BD /* LaunchScreen.storyboard */; };
		3DA3404D2A23BA3600BFC3BD /* HomeViewController.swift in Sources */ = {isa = PBXBuildFile; fileRef = 3DA3404C2A23BA3600BFC3BD /* HomeViewController.swift */; };
		3DA3404F2A23BA4300BFC3BD /* LoginViewController.swift in Sources */ = {isa = PBXBuildFile; fileRef = 3DA3404E2A23BA4300BFC3BD /* LoginViewController.swift */; };
		3DA340512A23BA5100BFC3BD /* SignUpViewController.swift in Sources */ = {isa = PBXBuildFile; fileRef = 3DA340502A23BA5100BFC3BD /* SignUpViewController.swift */; };
		3DA4A73E2A23C6E700586632 /* GoogleService-Info (2).plist in Resources */ = {isa = PBXBuildFile; fileRef = 3DA4A73D2A23C6E700586632 /* GoogleService-Info (2).plist */; };
		3DAF4CB32A3885A500E08118 /* GoodImage.png in Resources */ = {isa = PBXBuildFile; fileRef = 3DAF4CB22A3885A500E08118 /* GoodImage.png */; };
		3DAF4CB52A3885C100E08118 /* OkayImage.png in Resources */ = {isa = PBXBuildFile; fileRef = 3DAF4CB42A3885C100E08118 /* OkayImage.png */; };
		3DAF4CB72A3885DF00E08118 /* NeutralImage.png in Resources */ = {isa = PBXBuildFile; fileRef = 3DAF4CB62A3885DF00E08118 /* NeutralImage.png */; };
		3DAF4CBD2A3886AA00E08118 /* AwesomeImage.png in Resources */ = {isa = PBXBuildFile; fileRef = 3DAF4CBC2A3886A900E08118 /* AwesomeImage.png */; };
		3DAF4CBF2A3886E700E08118 /* SadImage.png in Resources */ = {isa = PBXBuildFile; fileRef = 3DAF4CBE2A3886E700E08118 /* SadImage.png */; };
		3DAF4CC12A38870400E08118 /* AngryImage.png in Resources */ = {isa = PBXBuildFile; fileRef = 3DAF4CC02A38870400E08118 /* AngryImage.png */; };
		3DAF4CC32A388C9000E08118 /* JournallingViewController.swift in Sources */ = {isa = PBXBuildFile; fileRef = 3DAF4CC22A388C9000E08118 /* JournallingViewController.swift */; };
		3DAF4CC52A38B50A00E08118 /* HappyTownLogo.png in Resources */ = {isa = PBXBuildFile; fileRef = 3DAF4CC42A38B50A00E08118 /* HappyTownLogo.png */; };
		3DAF4CC72A38B6F300E08118 /* Flowers.png in Resources */ = {isa = PBXBuildFile; fileRef = 3DAF4CC62A38B6F300E08118 /* Flowers.png */; };
		3DAF4CC92A38BBE400E08118 /* Journalling.png in Resources */ = {isa = PBXBuildFile; fileRef = 3DAF4CC82A38BBE400E08118 /* Journalling.png */; };
		3DAF4CCB2A38BBF200E08118 /* Meditation.png in Resources */ = {isa = PBXBuildFile; fileRef = 3DAF4CCA2A38BBF200E08118 /* Meditation.png */; };
		3DAF4CCD2A38BC0100E08118 /* PersonalisedPlans.png in Resources */ = {isa = PBXBuildFile; fileRef = 3DAF4CCC2A38BC0100E08118 /* PersonalisedPlans.png */; };
		3DAF4CCF2A38BC0C00E08118 /* MoodTracker.png in Resources */ = {isa = PBXBuildFile; fileRef = 3DAF4CCE2A38BC0C00E08118 /* MoodTracker.png */; };
		3DAF4CDD2A3EF0F400E08118 /* MusicViewController.swift in Sources */ = {isa = PBXBuildFile; fileRef = 3DAF4CDC2A3EF0F400E08118 /* MusicViewController.swift */; };
		3DBE0E242A23D5340025595F /* Constants.swift in Sources */ = {isa = PBXBuildFile; fileRef = 3DBE0E232A23D5340025595F /* Constants.swift */; };
		3DD3FB842A3F776700A756A2 /* DemoViewController.swift in Sources */ = {isa = PBXBuildFile; fileRef = 3DD3FB832A3F776700A756A2 /* DemoViewController.swift */; };
		3DD3FB882A402FC800A756A2 /* StudySessions.png in Resources */ = {isa = PBXBuildFile; fileRef = 3DD3FB872A402FC800A756A2 /* StudySessions.png */; };
		3DD3FB8A2A40302400A756A2 /* PianoDeepSleep.png in Resources */ = {isa = PBXBuildFile; fileRef = 3DD3FB892A40302400A756A2 /* PianoDeepSleep.png */; };
		3DD3FB8C2A40305100A756A2 /* Soothing.png in Resources */ = {isa = PBXBuildFile; fileRef = 3DD3FB8B2A40305100A756A2 /* Soothing.png */; };
		3DD3FB8E2A40307B00A756A2 /* RelaxationMusic.png in Resources */ = {isa = PBXBuildFile; fileRef = 3DD3FB8D2A40307A00A756A2 /* RelaxationMusic.png */; };
		3DD3FB902A4030DD00A756A2 /* Nighttime.png in Resources */ = {isa = PBXBuildFile; fileRef = 3DD3FB8F2A4030C400A756A2 /* Nighttime.png */; };
		3DD3FB922A40311700A756A2 /* Classical.png in Resources */ = {isa = PBXBuildFile; fileRef = 3DD3FB912A40311600A756A2 /* Classical.png */; };
		3DD3FB952A41746700A756A2 /* ManagingAnxiety.png in Resources */ = {isa = PBXBuildFile; fileRef = 3DD3FB942A41746700A756A2 /* ManagingAnxiety.png */; };
		3DEBE2482A417BF300B6CE92 /* KindnessTowardsYourself.png in Resources */ = {isa = PBXBuildFile; fileRef = 3DEBE2472A417BF300B6CE92 /* KindnessTowardsYourself.png */; };
		3DF0D70A2A418760005651A6 /* FindingJoyViewController.swift in Sources */ = {isa = PBXBuildFile; fileRef = 3DF0D7092A418760005651A6 /* FindingJoyViewController.swift */; };
/* End PBXBuildFile section */

/* Begin PBXFileReference section */
		3D17A2AE2A417D5A0018AE00 /* GroundingYourself.png */ = {isa = PBXFileReference; lastKnownFileType = image.png; name = GroundingYourself.png; path = ../../Downloads/GroundingYourself.png; sourceTree = "<group>"; };
		3D17A2B62A4182D30018AE00 /* ManagingAnxietyViewController.swift */ = {isa = PBXFileReference; lastKnownFileType = sourcecode.swift; path = ManagingAnxietyViewController.swift; sourceTree = "<group>"; };
		3D17A2B82A4183E30018AE00 /* FindingJoy.png */ = {isa = PBXFileReference; lastKnownFileType = image.png; path = FindingJoy.png; sourceTree = "<group>"; };
		3D17A2BA2A4184E40018AE00 /* KindnessTowardsYourselfViewContoller.swift */ = {isa = PBXFileReference; lastKnownFileType = sourcecode.swift; path = KindnessTowardsYourselfViewContoller.swift; sourceTree = "<group>"; };
		3D1C4CB72A23D61E00C12E7B /* FirebaseFirestore.framework */ = {isa = PBXFileReference; explicitFileType = wrapper.framework; path = FirebaseFirestore.framework; sourceTree = BUILT_PRODUCTS_DIR; };
		3D1D6E312A23CE1F00FF11DE /* GoogleService-Info.plist */ = {isa = PBXFileReference; lastKnownFileType = text.plist; path = "GoogleService-Info.plist"; sourceTree = SOURCE_ROOT; };
		3D28B7572A23D25B0002D9DB /* Utilities.swift */ = {isa = PBXFileReference; lastKnownFileType = sourcecode.swift; path = Utilities.swift; sourceTree = "<group>"; };
		3D2947152A47F8AE00BCB113 /* CalendarViewController.swift */ = {isa = PBXFileReference; lastKnownFileType = sourcecode.swift; path = CalendarViewController.swift; sourceTree = "<group>"; };
		3D4080B32A3861E50038316D /* MoodTrackerViewController.swift */ = {isa = PBXFileReference; lastKnownFileType = sourcecode.swift; path = MoodTrackerViewController.swift; sourceTree = "<group>"; };
		3D4B87182A453CD000C8F11C /* HistoryViewController.swift */ = {isa = PBXFileReference; lastKnownFileType = sourcecode.swift; path = HistoryViewController.swift; sourceTree = "<group>"; };
		3D4C33462A482DE20098125E /* CalendarCell.swift */ = {isa = PBXFileReference; lastKnownFileType = sourcecode.swift; path = CalendarCell.swift; sourceTree = "<group>"; };
		3D4C33482A4831100098125E /* CalendarHelper.swift */ = {isa = PBXFileReference; lastKnownFileType = sourcecode.swift; path = CalendarHelper.swift; sourceTree = "<group>"; };
		3D4C334A2A486BDC0098125E /* StudySessionsViewController.swift */ = {isa = PBXFileReference; lastKnownFileType = sourcecode.swift; path = StudySessionsViewController.swift; sourceTree = "<group>"; };
		3D4C334C2A486BEF0098125E /* ClassicalViewController.swift */ = {isa = PBXFileReference; lastKnownFileType = sourcecode.swift; path = ClassicalViewController.swift; sourceTree = "<group>"; };
		3D4C334E2A486BFE0098125E /* SoothingMusicViewController.swift */ = {isa = PBXFileReference; lastKnownFileType = sourcecode.swift; path = SoothingMusicViewController.swift; sourceTree = "<group>"; };
		3D4C33502A486C0A0098125E /* PianoViewController.swift */ = {isa = PBXFileReference; lastKnownFileType = sourcecode.swift; path = PianoViewController.swift; sourceTree = "<group>"; };
		3D4C33522A486C140098125E /* RelaxationViewController.swift */ = {isa = PBXFileReference; lastKnownFileType = sourcecode.swift; path = RelaxationViewController.swift; sourceTree = "<group>"; };
		3D4C33542A486C1F0098125E /* NighttimeViewController.swift */ = {isa = PBXFileReference; lastKnownFileType = sourcecode.swift; path = NighttimeViewController.swift; sourceTree = "<group>"; };
		3D4C33582A4877F70098125E /* Breathing.png */ = {isa = PBXFileReference; lastKnownFileType = image.png; path = Breathing.png; sourceTree = "<group>"; };
		3D4C335A2A4897D80098125E /* ProfileViewController.swift */ = {isa = PBXFileReference; lastKnownFileType = sourcecode.swift; path = ProfileViewController.swift; sourceTree = "<group>"; };
		3D4C335C2A48990D0098125E /* Background.jpeg */ = {isa = PBXFileReference; lastKnownFileType = image.jpeg; path = Background.jpeg; sourceTree = "<group>"; };
		3D4C33602A489D230098125E /* Profile.png */ = {isa = PBXFileReference; lastKnownFileType = image.png; path = Profile.png; sourceTree = "<group>"; };
		3DA340342A23BA1A00BFC3BD /* OrbitalHappyTownNew.app */ = {isa = PBXFileReference; explicitFileType = wrapper.application; includeInIndex = 0; path = OrbitalHappyTownNew.app; sourceTree = BUILT_PRODUCTS_DIR; };
		3DA340372A23BA1A00BFC3BD /* AppDelegate.swift */ = {isa = PBXFileReference; lastKnownFileType = sourcecode.swift; path = AppDelegate.swift; sourceTree = "<group>"; };
		3DA340392A23BA1A00BFC3BD /* SceneDelegate.swift */ = {isa = PBXFileReference; lastKnownFileType = sourcecode.swift; path = SceneDelegate.swift; sourceTree = "<group>"; };
		3DA3403B2A23BA1A00BFC3BD /* ViewController.swift */ = {isa = PBXFileReference; lastKnownFileType = sourcecode.swift; path = ViewController.swift; sourceTree = "<group>"; };
		3DA3403E2A23BA1A00BFC3BD /* Base */ = {isa = PBXFileReference; lastKnownFileType = file.storyboard; name = Base; path = Base.lproj/Main.storyboard; sourceTree = "<group>"; };
		3DA340402A23BA1C00BFC3BD /* Assets.xcassets */ = {isa = PBXFileReference; lastKnownFileType = folder.assetcatalog; path = Assets.xcassets; sourceTree = "<group>"; };
		3DA340432A23BA1C00BFC3BD /* Base */ = {isa = PBXFileReference; lastKnownFileType = file.storyboard; name = Base; path = Base.lproj/LaunchScreen.storyboard; sourceTree = "<group>"; };
		3DA340452A23BA1C00BFC3BD /* Info.plist */ = {isa = PBXFileReference; lastKnownFileType = text.plist.xml; path = Info.plist; sourceTree = "<group>"; };
		3DA3404C2A23BA3600BFC3BD /* HomeViewController.swift */ = {isa = PBXFileReference; lastKnownFileType = sourcecode.swift; path = HomeViewController.swift; sourceTree = "<group>"; };
		3DA3404E2A23BA4300BFC3BD /* LoginViewController.swift */ = {isa = PBXFileReference; lastKnownFileType = sourcecode.swift; path = LoginViewController.swift; sourceTree = "<group>"; };
		3DA340502A23BA5100BFC3BD /* SignUpViewController.swift */ = {isa = PBXFileReference; lastKnownFileType = sourcecode.swift; path = SignUpViewController.swift; sourceTree = "<group>"; };
		3DA4A73D2A23C6E700586632 /* GoogleService-Info (2).plist */ = {isa = PBXFileReference; fileEncoding = 4; lastKnownFileType = text.plist.xml; path = "GoogleService-Info (2).plist"; sourceTree = "<group>"; };
		3DAF4CB22A3885A500E08118 /* GoodImage.png */ = {isa = PBXFileReference; lastKnownFileType = image.png; path = GoodImage.png; sourceTree = "<group>"; };
		3DAF4CB42A3885C100E08118 /* OkayImage.png */ = {isa = PBXFileReference; lastKnownFileType = image.png; path = OkayImage.png; sourceTree = "<group>"; };
		3DAF4CB62A3885DF00E08118 /* NeutralImage.png */ = {isa = PBXFileReference; lastKnownFileType = image.png; path = NeutralImage.png; sourceTree = "<group>"; };
		3DAF4CBC2A3886A900E08118 /* AwesomeImage.png */ = {isa = PBXFileReference; lastKnownFileType = image.png; path = AwesomeImage.png; sourceTree = "<group>"; };
		3DAF4CBE2A3886E700E08118 /* SadImage.png */ = {isa = PBXFileReference; lastKnownFileType = image.png; path = SadImage.png; sourceTree = "<group>"; };
		3DAF4CC02A38870400E08118 /* AngryImage.png */ = {isa = PBXFileReference; lastKnownFileType = image.png; path = AngryImage.png; sourceTree = "<group>"; };
		3DAF4CC22A388C9000E08118 /* JournallingViewController.swift */ = {isa = PBXFileReference; lastKnownFileType = sourcecode.swift; path = JournallingViewController.swift; sourceTree = "<group>"; };
		3DAF4CC42A38B50A00E08118 /* HappyTownLogo.png */ = {isa = PBXFileReference; lastKnownFileType = image.png; path = HappyTownLogo.png; sourceTree = "<group>"; };
		3DAF4CC62A38B6F300E08118 /* Flowers.png */ = {isa = PBXFileReference; lastKnownFileType = image.png; path = Flowers.png; sourceTree = "<group>"; };
		3DAF4CC82A38BBE400E08118 /* Journalling.png */ = {isa = PBXFileReference; lastKnownFileType = image.png; path = Journalling.png; sourceTree = "<group>"; };
		3DAF4CCA2A38BBF200E08118 /* Meditation.png */ = {isa = PBXFileReference; lastKnownFileType = image.png; path = Meditation.png; sourceTree = "<group>"; };
		3DAF4CCC2A38BC0100E08118 /* PersonalisedPlans.png */ = {isa = PBXFileReference; lastKnownFileType = image.png; path = PersonalisedPlans.png; sourceTree = "<group>"; };
		3DAF4CCE2A38BC0C00E08118 /* MoodTracker.png */ = {isa = PBXFileReference; lastKnownFileType = image.png; path = MoodTracker.png; sourceTree = "<group>"; };
		3DAF4CDC2A3EF0F400E08118 /* MusicViewController.swift */ = {isa = PBXFileReference; lastKnownFileType = sourcecode.swift; path = MusicViewController.swift; sourceTree = "<group>"; };
		3DBE0E232A23D5340025595F /* Constants.swift */ = {isa = PBXFileReference; lastKnownFileType = sourcecode.swift; path = Constants.swift; sourceTree = "<group>"; };
		3DD3FB832A3F776700A756A2 /* DemoViewController.swift */ = {isa = PBXFileReference; lastKnownFileType = sourcecode.swift; path = DemoViewController.swift; sourceTree = "<group>"; };
		3DD3FB872A402FC800A756A2 /* StudySessions.png */ = {isa = PBXFileReference; lastKnownFileType = image.png; path = StudySessions.png; sourceTree = "<group>"; };
		3DD3FB892A40302400A756A2 /* PianoDeepSleep.png */ = {isa = PBXFileReference; lastKnownFileType = image.png; path = PianoDeepSleep.png; sourceTree = "<group>"; };
		3DD3FB8B2A40305100A756A2 /* Soothing.png */ = {isa = PBXFileReference; lastKnownFileType = image.png; path = Soothing.png; sourceTree = "<group>"; };
		3DD3FB8D2A40307A00A756A2 /* RelaxationMusic.png */ = {isa = PBXFileReference; lastKnownFileType = image.png; path = RelaxationMusic.png; sourceTree = "<group>"; };
		3DD3FB8F2A4030C400A756A2 /* Nighttime.png */ = {isa = PBXFileReference; lastKnownFileType = image.png; path = Nighttime.png; sourceTree = "<group>"; };
		3DD3FB912A40311600A756A2 /* Classical.png */ = {isa = PBXFileReference; lastKnownFileType = image.png; path = Classical.png; sourceTree = "<group>"; };
		3DD3FB932A416E4200A756A2 /* BalooBhai-Regular.ttf */ = {isa = PBXFileReference; lastKnownFileType = file; path = "BalooBhai-Regular.ttf"; sourceTree = "<group>"; };
		3DD3FB942A41746700A756A2 /* ManagingAnxiety.png */ = {isa = PBXFileReference; lastKnownFileType = image.png; path = ManagingAnxiety.png; sourceTree = "<group>"; };
		3DEBE2472A417BF300B6CE92 /* KindnessTowardsYourself.png */ = {isa = PBXFileReference; lastKnownFileType = image.png; name = KindnessTowardsYourself.png; path = ../../Downloads/KindnessTowardsYourself.png; sourceTree = "<group>"; };
		3DF0D7092A418760005651A6 /* FindingJoyViewController.swift */ = {isa = PBXFileReference; lastKnownFileType = sourcecode.swift; path = FindingJoyViewController.swift; sourceTree = "<group>"; };
		4968D7B85C38791B1F53D7B7 /* Pods-OrbitalHappyTownNew.release.xcconfig */ = {isa = PBXFileReference; includeInIndex = 1; lastKnownFileType = text.xcconfig; name = "Pods-OrbitalHappyTownNew.release.xcconfig"; path = "Target Support Files/Pods-OrbitalHappyTownNew/Pods-OrbitalHappyTownNew.release.xcconfig"; sourceTree = "<group>"; };
		71E9142A02FBA8AD4BEE2F36 /* Pods_OrbitalHappyTownNew.framework */ = {isa = PBXFileReference; explicitFileType = wrapper.framework; includeInIndex = 0; path = Pods_OrbitalHappyTownNew.framework; sourceTree = BUILT_PRODUCTS_DIR; };
		9117606294F5E7C572D59FC7 /* Pods-OrbitalHappyTownNew.debug.xcconfig */ = {isa = PBXFileReference; includeInIndex = 1; lastKnownFileType = text.xcconfig; name = "Pods-OrbitalHappyTownNew.debug.xcconfig"; path = "Target Support Files/Pods-OrbitalHappyTownNew/Pods-OrbitalHappyTownNew.debug.xcconfig"; sourceTree = "<group>"; };
/* End PBXFileReference section */

/* Begin PBXFrameworksBuildPhase section */
		3DA340312A23BA1A00BFC3BD /* Frameworks */ = {
			isa = PBXFrameworksBuildPhase;
			buildActionMask = 2147483647;
			files = (
				3D1C4CB82A23D61E00C12E7B /* FirebaseFirestore.framework in Frameworks */,
				1B27AD0CD3F98B39B754058D /* Pods_OrbitalHappyTownNew.framework in Frameworks */,
			);
			runOnlyForDeploymentPostprocessing = 0;
		};
/* End PBXFrameworksBuildPhase section */

/* Begin PBXGroup section */
		34AA7FEC85592974F15CD3A3 /* Frameworks */ = {
			isa = PBXGroup;
			children = (
				3D1C4CB72A23D61E00C12E7B /* FirebaseFirestore.framework */,
				71E9142A02FBA8AD4BEE2F36 /* Pods_OrbitalHappyTownNew.framework */,
			);
			name = Frameworks;
			sourceTree = "<group>";
		};
		3D28B7562A23D2360002D9DB /* Helpers */ = {
			isa = PBXGroup;
			children = (
				3D28B7572A23D25B0002D9DB /* Utilities.swift */,
				3DBE0E232A23D5340025595F /* Constants.swift */,
			);
			path = Helpers;
			sourceTree = "<group>";
		};
		3DA3402B2A23BA1A00BFC3BD = {
			isa = PBXGroup;
			children = (
				3DAF4CCE2A38BC0C00E08118 /* MoodTracker.png */,
				3DAF4CCC2A38BC0100E08118 /* PersonalisedPlans.png */,
				3D4C33582A4877F70098125E /* Breathing.png */,
				3DAF4CCA2A38BBF200E08118 /* Meditation.png */,
				3DAF4CC82A38BBE400E08118 /* Journalling.png */,
				3DAF4CC62A38B6F300E08118 /* Flowers.png */,
				3DAF4CC42A38B50A00E08118 /* HappyTownLogo.png */,
				3DAF4CC02A38870400E08118 /* AngryImage.png */,
				3DAF4CBE2A3886E700E08118 /* SadImage.png */,
				3DAF4CBC2A3886A900E08118 /* AwesomeImage.png */,
				3DAF4CB22A3885A500E08118 /* GoodImage.png */,
				3DAF4CB42A3885C100E08118 /* OkayImage.png */,
				3DAF4CB62A3885DF00E08118 /* NeutralImage.png */,
				3DD3FB872A402FC800A756A2 /* StudySessions.png */,
				3DD3FB892A40302400A756A2 /* PianoDeepSleep.png */,
				3DD3FB8B2A40305100A756A2 /* Soothing.png */,
				3DD3FB8D2A40307A00A756A2 /* RelaxationMusic.png */,
				3DD3FB8F2A4030C400A756A2 /* Nighttime.png */,
				3D17A2B82A4183E30018AE00 /* FindingJoy.png */,
				3DD3FB912A40311600A756A2 /* Classical.png */,
				3D17A2AE2A417D5A0018AE00 /* GroundingYourself.png */,
				3DD3FB942A41746700A756A2 /* ManagingAnxiety.png */,
				3D4C335C2A48990D0098125E /* Background.jpeg */,
				3DD3FB932A416E4200A756A2 /* BalooBhai-Regular.ttf */,
				3D4C33602A489D230098125E /* Profile.png */,
				3DEBE2472A417BF300B6CE92 /* KindnessTowardsYourself.png */,
				3DA340362A23BA1A00BFC3BD /* OrbitalHappyTownNew */,
				3DA340352A23BA1A00BFC3BD /* Products */,
				ECADCCE06A08480EC173D7A2 /* Pods */,
				34AA7FEC85592974F15CD3A3 /* Frameworks */,
			);
			sourceTree = "<group>";
		};
		3DA340352A23BA1A00BFC3BD /* Products */ = {
			isa = PBXGroup;
			children = (
				3DA340342A23BA1A00BFC3BD /* OrbitalHappyTownNew.app */,
			);
			name = Products;
			sourceTree = "<group>";
		};
		3DA340362A23BA1A00BFC3BD /* OrbitalHappyTownNew */ = {
			isa = PBXGroup;
			children = (
				3D28B7562A23D2360002D9DB /* Helpers */,
				3DA3404B2A23BA2600BFC3BD /* View Controllers */,
				3DA340372A23BA1A00BFC3BD /* AppDelegate.swift */,
				3DA340392A23BA1A00BFC3BD /* SceneDelegate.swift */,
				3DA3403D2A23BA1A00BFC3BD /* Main.storyboard */,
				3DA340402A23BA1C00BFC3BD /* Assets.xcassets */,
				3DA340422A23BA1C00BFC3BD /* LaunchScreen.storyboard */,
				3DA340452A23BA1C00BFC3BD /* Info.plist */,
				3DA4A73D2A23C6E700586632 /* GoogleService-Info (2).plist */,
				3D1D6E312A23CE1F00FF11DE /* GoogleService-Info.plist */,
			);
			path = OrbitalHappyTownNew;
			sourceTree = "<group>";
		};
		3DA3404B2A23BA2600BFC3BD /* View Controllers */ = {
			isa = PBXGroup;
			children = (
				3DA3403B2A23BA1A00BFC3BD /* ViewController.swift */,
				3DA340502A23BA5100BFC3BD /* SignUpViewController.swift */,
				3DA3404E2A23BA4300BFC3BD /* LoginViewController.swift */,
				3DA3404C2A23BA3600BFC3BD /* HomeViewController.swift */,
				3D4080B32A3861E50038316D /* MoodTrackerViewController.swift */,
				3D17A2BA2A4184E40018AE00 /* KindnessTowardsYourselfViewContoller.swift */,
				3DAF4CC22A388C9000E08118 /* JournallingViewController.swift */,
				3D17A2B62A4182D30018AE00 /* ManagingAnxietyViewController.swift */,
				3DAF4CDC2A3EF0F400E08118 /* MusicViewController.swift */,
				3DF0D7092A418760005651A6 /* FindingJoyViewController.swift */,
				3DD3FB832A3F776700A756A2 /* DemoViewController.swift */,
				3D4B87182A453CD000C8F11C /* HistoryViewController.swift */,
				3D2947152A47F8AE00BCB113 /* CalendarViewController.swift */,
				3D4C33462A482DE20098125E /* CalendarCell.swift */,
				3D4C334A2A486BDC0098125E /* StudySessionsViewController.swift */,
				3D4C334C2A486BEF0098125E /* ClassicalViewController.swift */,
				3D4C334E2A486BFE0098125E /* SoothingMusicViewController.swift */,
				3D4C33502A486C0A0098125E /* PianoViewController.swift */,
				3D4C33522A486C140098125E /* RelaxationViewController.swift */,
				3D4C33542A486C1F0098125E /* NighttimeViewController.swift */,
				3D4C335A2A4897D80098125E /* ProfileViewController.swift */,
				3D4C33482A4831100098125E /* CalendarHelper.swift */,
			);
			path = "View Controllers";
			sourceTree = "<group>";
		};
		ECADCCE06A08480EC173D7A2 /* Pods */ = {
			isa = PBXGroup;
			children = (
				9117606294F5E7C572D59FC7 /* Pods-OrbitalHappyTownNew.debug.xcconfig */,
				4968D7B85C38791B1F53D7B7 /* Pods-OrbitalHappyTownNew.release.xcconfig */,
			);
			path = Pods;
			sourceTree = "<group>";
		};
/* End PBXGroup section */

/* Begin PBXNativeTarget section */
		3DA340332A23BA1A00BFC3BD /* OrbitalHappyTownNew */ = {
			isa = PBXNativeTarget;
			buildConfigurationList = 3DA340482A23BA1C00BFC3BD /* Build configuration list for PBXNativeTarget "OrbitalHappyTownNew" */;
			buildPhases = (
				7A0F390DDE6408D40303425C /* [CP] Check Pods Manifest.lock */,
				3DA340302A23BA1A00BFC3BD /* Sources */,
				3DA340312A23BA1A00BFC3BD /* Frameworks */,
				3DA340322A23BA1A00BFC3BD /* Resources */,
				4E15F9CF35A5A9E8F4A517A0 /* [CP] Embed Pods Frameworks */,
			);
			buildRules = (
			);
			dependencies = (
			);
			name = OrbitalHappyTownNew;
			productName = OrbitalHappyTownNew;
			productReference = 3DA340342A23BA1A00BFC3BD /* OrbitalHappyTownNew.app */;
			productType = "com.apple.product-type.application";
		};
/* End PBXNativeTarget section */

/* Begin PBXProject section */
		3DA3402C2A23BA1A00BFC3BD /* Project object */ = {
			isa = PBXProject;
			attributes = {
				BuildIndependentTargetsInParallel = 1;
				LastSwiftUpdateCheck = 1430;
				LastUpgradeCheck = 1430;
				TargetAttributes = {
					3DA340332A23BA1A00BFC3BD = {
						CreatedOnToolsVersion = 14.3;
					};
				};
			};
			buildConfigurationList = 3DA3402F2A23BA1A00BFC3BD /* Build configuration list for PBXProject "OrbitalHappyTownNew" */;
			compatibilityVersion = "Xcode 14.0";
			developmentRegion = en;
			hasScannedForEncodings = 0;
			knownRegions = (
				en,
				Base,
			);
			mainGroup = 3DA3402B2A23BA1A00BFC3BD;
			productRefGroup = 3DA340352A23BA1A00BFC3BD /* Products */;
			projectDirPath = "";
			projectRoot = "";
			targets = (
				3DA340332A23BA1A00BFC3BD /* OrbitalHappyTownNew */,
			);
		};
/* End PBXProject section */

/* Begin PBXResourcesBuildPhase section */
		3DA340322A23BA1A00BFC3BD /* Resources */ = {
			isa = PBXResourcesBuildPhase;
			buildActionMask = 2147483647;
			files = (
				3D4C33592A4877F80098125E /* Breathing.png in Resources */,
				3DAF4CCF2A38BC0C00E08118 /* MoodTracker.png in Resources */,
				3DAF4CCD2A38BC0100E08118 /* PersonalisedPlans.png in Resources */,
				3DD3FB952A41746700A756A2 /* ManagingAnxiety.png in Resources */,
				3DD3FB8E2A40307B00A756A2 /* RelaxationMusic.png in Resources */,
				3DAF4CCB2A38BBF200E08118 /* Meditation.png in Resources */,
				3DAF4CC92A38BBE400E08118 /* Journalling.png in Resources */,
				3DAF4CC72A38B6F300E08118 /* Flowers.png in Resources */,
				3DAF4CC52A38B50A00E08118 /* HappyTownLogo.png in Resources */,
				3D4C335D2A48990D0098125E /* Background.jpeg in Resources */,
				3DAF4CC12A38870400E08118 /* AngryImage.png in Resources */,
				3DAF4CBF2A3886E700E08118 /* SadImage.png in Resources */,
				3DD3FB902A4030DD00A756A2 /* Nighttime.png in Resources */,
				3DAF4CBD2A3886AA00E08118 /* AwesomeImage.png in Resources */,
				3DEBE2482A417BF300B6CE92 /* KindnessTowardsYourself.png in Resources */,
				3DAF4CB72A3885DF00E08118 /* NeutralImage.png in Resources */,
				3DD3FB8C2A40305100A756A2 /* Soothing.png in Resources */,
				3DD3FB882A402FC800A756A2 /* StudySessions.png in Resources */,
				3DAF4CB52A3885C100E08118 /* OkayImage.png in Resources */,
				3D4C33612A489D240098125E /* Profile.png in Resources */,
				3DD3FB8A2A40302400A756A2 /* PianoDeepSleep.png in Resources */,
				3DAF4CB32A3885A500E08118 /* GoodImage.png in Resources */,
				3D17A2B92A4183E40018AE00 /* FindingJoy.png in Resources */,
				3DA4A73E2A23C6E700586632 /* GoogleService-Info (2).plist in Resources */,
				3DA340442A23BA1C00BFC3BD /* LaunchScreen.storyboard in Resources */,
				3D1D6E322A23CE1F00FF11DE /* GoogleService-Info.plist in Resources */,
				3D17A2AF2A417D5A0018AE00 /* GroundingYourself.png in Resources */,
				3DA340412A23BA1C00BFC3BD /* Assets.xcassets in Resources */,
				3DA3403F2A23BA1A00BFC3BD /* Main.storyboard in Resources */,
				3DD3FB922A40311700A756A2 /* Classical.png in Resources */,
			);
			runOnlyForDeploymentPostprocessing = 0;
		};
/* End PBXResourcesBuildPhase section */

/* Begin PBXShellScriptBuildPhase section */
		4E15F9CF35A5A9E8F4A517A0 /* [CP] Embed Pods Frameworks */ = {
			isa = PBXShellScriptBuildPhase;
			buildActionMask = 2147483647;
			files = (
			);
			inputFileListPaths = (
				"${PODS_ROOT}/Target Support Files/Pods-OrbitalHappyTownNew/Pods-OrbitalHappyTownNew-frameworks-${CONFIGURATION}-input-files.xcfilelist",
			);
			name = "[CP] Embed Pods Frameworks";
			outputFileListPaths = (
				"${PODS_ROOT}/Target Support Files/Pods-OrbitalHappyTownNew/Pods-OrbitalHappyTownNew-frameworks-${CONFIGURATION}-output-files.xcfilelist",
			);
			runOnlyForDeploymentPostprocessing = 0;
			shellPath = /bin/sh;
			shellScript = "\"${PODS_ROOT}/Target Support Files/Pods-OrbitalHappyTownNew/Pods-OrbitalHappyTownNew-frameworks.sh\"\n";
			showEnvVarsInLog = 0;
		};
		7A0F390DDE6408D40303425C /* [CP] Check Pods Manifest.lock */ = {
			isa = PBXShellScriptBuildPhase;
			buildActionMask = 2147483647;
			files = (
			);
			inputFileListPaths = (
			);
			inputPaths = (
				"${PODS_PODFILE_DIR_PATH}/Podfile.lock",
				"${PODS_ROOT}/Manifest.lock",
			);
			name = "[CP] Check Pods Manifest.lock";
			outputFileListPaths = (
			);
			outputPaths = (
				"$(DERIVED_FILE_DIR)/Pods-OrbitalHappyTownNew-checkManifestLockResult.txt",
			);
			runOnlyForDeploymentPostprocessing = 0;
			shellPath = /bin/sh;
			shellScript = "diff \"${PODS_PODFILE_DIR_PATH}/Podfile.lock\" \"${PODS_ROOT}/Manifest.lock\" > /dev/null\nif [ $? != 0 ] ; then\n    # print error to STDERR\n    echo \"error: The sandbox is not in sync with the Podfile.lock. Run 'pod install' or update your CocoaPods installation.\" >&2\n    exit 1\nfi\n# This output is used by Xcode 'outputs' to avoid re-running this script phase.\necho \"SUCCESS\" > \"${SCRIPT_OUTPUT_FILE_0}\"\n";
			showEnvVarsInLog = 0;
		};
/* End PBXShellScriptBuildPhase section */

/* Begin PBXSourcesBuildPhase section */
		3DA340302A23BA1A00BFC3BD /* Sources */ = {
			isa = PBXSourcesBuildPhase;
			buildActionMask = 2147483647;
			files = (
				3D17A2BB2A4184E40018AE00 /* KindnessTowardsYourselfViewContoller.swift in Sources */,
				3DA340512A23BA5100BFC3BD /* SignUpViewController.swift in Sources */,
				3DA3403C2A23BA1A00BFC3BD /* ViewController.swift in Sources */,
				3DAF4CC32A388C9000E08118 /* JournallingViewController.swift in Sources */,
				3D4C334F2A486BFE0098125E /* SoothingMusicViewController.swift in Sources */,
				3D4C335B2A4897D80098125E /* ProfileViewController.swift in Sources */,
				3D4C334D2A486BEF0098125E /* ClassicalViewController.swift in Sources */,
				3D28B7582A23D25B0002D9DB /* Utilities.swift in Sources */,
				3D4C33552A486C1F0098125E /* NighttimeViewController.swift in Sources */,
				3DA340382A23BA1A00BFC3BD /* AppDelegate.swift in Sources */,
				3D4C33532A486C140098125E /* RelaxationViewController.swift in Sources */,
				3D4C334B2A486BDC0098125E /* StudySessionsViewController.swift in Sources */,
				3D4080B42A3861E50038316D /* MoodTrackerViewController.swift in Sources */,
				3DA3403A2A23BA1A00BFC3BD /* SceneDelegate.swift in Sources */,
				3DAF4CDD2A3EF0F400E08118 /* MusicViewController.swift in Sources */,
				3D2947162A47F8AE00BCB113 /* CalendarViewController.swift in Sources */,
				3D17A2B72A4182D30018AE00 /* ManagingAnxietyViewController.swift in Sources */,
				3DD3FB842A3F776700A756A2 /* DemoViewController.swift in Sources */,
				3D4C33492A4831100098125E /* CalendarHelper.swift in Sources */,
				3DA3404F2A23BA4300BFC3BD /* LoginViewController.swift in Sources */,
				3DA3404D2A23BA3600BFC3BD /* HomeViewController.swift in Sources */,
				3DF0D70A2A418760005651A6 /* FindingJoyViewController.swift in Sources */,
				3D4B87192A453CD000C8F11C /* HistoryViewController.swift in Sources */,
				3D4C33512A486C0A0098125E /* PianoViewController.swift in Sources */,
				3DBE0E242A23D5340025595F /* Constants.swift in Sources */,
				3D4C33472A482DE20098125E /* CalendarCell.swift in Sources */,
			);
			runOnlyForDeploymentPostprocessing = 0;
		};
/* End PBXSourcesBuildPhase section */

/* Begin PBXVariantGroup section */
		3DA3403D2A23BA1A00BFC3BD /* Main.storyboard */ = {
			isa = PBXVariantGroup;
			children = (
				3DA3403E2A23BA1A00BFC3BD /* Base */,
			);
			name = Main.storyboard;
			sourceTree = "<group>";
		};
		3DA340422A23BA1C00BFC3BD /* LaunchScreen.storyboard */ = {
			isa = PBXVariantGroup;
			children = (
				3DA340432A23BA1C00BFC3BD /* Base */,
			);
			name = LaunchScreen.storyboard;
			sourceTree = "<group>";
		};
/* End PBXVariantGroup section */

/* Begin XCBuildConfiguration section */
		3DA340462A23BA1C00BFC3BD /* Debug */ = {
			isa = XCBuildConfiguration;
			buildSettings = {
				ALWAYS_SEARCH_USER_PATHS = NO;
				CLANG_ANALYZER_NONNULL = YES;
				CLANG_ANALYZER_NUMBER_OBJECT_CONVERSION = YES_AGGRESSIVE;
				CLANG_CXX_LANGUAGE_STANDARD = "gnu++20";
				CLANG_ENABLE_MODULES = YES;
				CLANG_ENABLE_OBJC_ARC = YES;
				CLANG_ENABLE_OBJC_WEAK = YES;
				CLANG_WARN_BLOCK_CAPTURE_AUTORELEASING = YES;
				CLANG_WARN_BOOL_CONVERSION = YES;
				CLANG_WARN_COMMA = YES;
				CLANG_WARN_CONSTANT_CONVERSION = YES;
				CLANG_WARN_DEPRECATED_OBJC_IMPLEMENTATIONS = YES;
				CLANG_WARN_DIRECT_OBJC_ISA_USAGE = YES_ERROR;
				CLANG_WARN_DOCUMENTATION_COMMENTS = YES;
				CLANG_WARN_EMPTY_BODY = YES;
				CLANG_WARN_ENUM_CONVERSION = YES;
				CLANG_WARN_INFINITE_RECURSION = YES;
				CLANG_WARN_INT_CONVERSION = YES;
				CLANG_WARN_NON_LITERAL_NULL_CONVERSION = YES;
				CLANG_WARN_OBJC_IMPLICIT_RETAIN_SELF = YES;
				CLANG_WARN_OBJC_LITERAL_CONVERSION = YES;
				CLANG_WARN_OBJC_ROOT_CLASS = YES_ERROR;
				CLANG_WARN_QUOTED_INCLUDE_IN_FRAMEWORK_HEADER = YES;
				CLANG_WARN_RANGE_LOOP_ANALYSIS = YES;
				CLANG_WARN_STRICT_PROTOTYPES = YES;
				CLANG_WARN_SUSPICIOUS_MOVE = YES;
				CLANG_WARN_UNGUARDED_AVAILABILITY = YES_AGGRESSIVE;
				CLANG_WARN_UNREACHABLE_CODE = YES;
				CLANG_WARN__DUPLICATE_METHOD_MATCH = YES;
				COPY_PHASE_STRIP = NO;
				DEBUG_INFORMATION_FORMAT = dwarf;
				ENABLE_STRICT_OBJC_MSGSEND = YES;
				ENABLE_TESTABILITY = YES;
				GCC_C_LANGUAGE_STANDARD = gnu11;
				GCC_DYNAMIC_NO_PIC = NO;
				GCC_NO_COMMON_BLOCKS = YES;
				GCC_OPTIMIZATION_LEVEL = 0;
				GCC_PREPROCESSOR_DEFINITIONS = (
					"DEBUG=1",
					"$(inherited)",
				);
				GCC_WARN_64_TO_32_BIT_CONVERSION = YES;
				GCC_WARN_ABOUT_RETURN_TYPE = YES_ERROR;
				GCC_WARN_UNDECLARED_SELECTOR = YES;
				GCC_WARN_UNINITIALIZED_AUTOS = YES_AGGRESSIVE;
				GCC_WARN_UNUSED_FUNCTION = YES;
				GCC_WARN_UNUSED_VARIABLE = YES;
				IPHONEOS_DEPLOYMENT_TARGET = 16.4;
				MTL_ENABLE_DEBUG_INFO = INCLUDE_SOURCE;
				MTL_FAST_MATH = YES;
				ONLY_ACTIVE_ARCH = YES;
				SDKROOT = iphoneos;
				SWIFT_ACTIVE_COMPILATION_CONDITIONS = DEBUG;
				SWIFT_OPTIMIZATION_LEVEL = "-Onone";
			};
			name = Debug;
		};
		3DA340472A23BA1C00BFC3BD /* Release */ = {
			isa = XCBuildConfiguration;
			buildSettings = {
				ALWAYS_SEARCH_USER_PATHS = NO;
				CLANG_ANALYZER_NONNULL = YES;
				CLANG_ANALYZER_NUMBER_OBJECT_CONVERSION = YES_AGGRESSIVE;
				CLANG_CXX_LANGUAGE_STANDARD = "gnu++20";
				CLANG_ENABLE_MODULES = YES;
				CLANG_ENABLE_OBJC_ARC = YES;
				CLANG_ENABLE_OBJC_WEAK = YES;
				CLANG_WARN_BLOCK_CAPTURE_AUTORELEASING = YES;
				CLANG_WARN_BOOL_CONVERSION = YES;
				CLANG_WARN_COMMA = YES;
				CLANG_WARN_CONSTANT_CONVERSION = YES;
				CLANG_WARN_DEPRECATED_OBJC_IMPLEMENTATIONS = YES;
				CLANG_WARN_DIRECT_OBJC_ISA_USAGE = YES_ERROR;
				CLANG_WARN_DOCUMENTATION_COMMENTS = YES;
				CLANG_WARN_EMPTY_BODY = YES;
				CLANG_WARN_ENUM_CONVERSION = YES;
				CLANG_WARN_INFINITE_RECURSION = YES;
				CLANG_WARN_INT_CONVERSION = YES;
				CLANG_WARN_NON_LITERAL_NULL_CONVERSION = YES;
				CLANG_WARN_OBJC_IMPLICIT_RETAIN_SELF = YES;
				CLANG_WARN_OBJC_LITERAL_CONVERSION = YES;
				CLANG_WARN_OBJC_ROOT_CLASS = YES_ERROR;
				CLANG_WARN_QUOTED_INCLUDE_IN_FRAMEWORK_HEADER = YES;
				CLANG_WARN_RANGE_LOOP_ANALYSIS = YES;
				CLANG_WARN_STRICT_PROTOTYPES = YES;
				CLANG_WARN_SUSPICIOUS_MOVE = YES;
				CLANG_WARN_UNGUARDED_AVAILABILITY = YES_AGGRESSIVE;
				CLANG_WARN_UNREACHABLE_CODE = YES;
				CLANG_WARN__DUPLICATE_METHOD_MATCH = YES;
				COPY_PHASE_STRIP = NO;
				DEBUG_INFORMATION_FORMAT = "dwarf-with-dsym";
				ENABLE_NS_ASSERTIONS = NO;
				ENABLE_STRICT_OBJC_MSGSEND = YES;
				GCC_C_LANGUAGE_STANDARD = gnu11;
				GCC_NO_COMMON_BLOCKS = YES;
				GCC_WARN_64_TO_32_BIT_CONVERSION = YES;
				GCC_WARN_ABOUT_RETURN_TYPE = YES_ERROR;
				GCC_WARN_UNDECLARED_SELECTOR = YES;
				GCC_WARN_UNINITIALIZED_AUTOS = YES_AGGRESSIVE;
				GCC_WARN_UNUSED_FUNCTION = YES;
				GCC_WARN_UNUSED_VARIABLE = YES;
				IPHONEOS_DEPLOYMENT_TARGET = 16.4;
				MTL_ENABLE_DEBUG_INFO = NO;
				MTL_FAST_MATH = YES;
				SDKROOT = iphoneos;
				SWIFT_COMPILATION_MODE = wholemodule;
				SWIFT_OPTIMIZATION_LEVEL = "-O";
				VALIDATE_PRODUCT = YES;
			};
			name = Release;
		};
		3DA340492A23BA1C00BFC3BD /* Debug */ = {
			isa = XCBuildConfiguration;
			baseConfigurationReference = 9117606294F5E7C572D59FC7 /* Pods-OrbitalHappyTownNew.debug.xcconfig */;
			buildSettings = {
				ASSETCATALOG_COMPILER_APPICON_NAME = AppIcon;
				ASSETCATALOG_COMPILER_GLOBAL_ACCENT_COLOR_NAME = AccentColor;
				CODE_SIGN_STYLE = Automatic;
				CURRENT_PROJECT_VERSION = 1;
				DEVELOPMENT_TEAM = V53GKTCFYA;
				GENERATE_INFOPLIST_FILE = YES;
				INFOPLIST_FILE = OrbitalHappyTownNew/Info.plist;
				INFOPLIST_KEY_UIApplicationSupportsIndirectInputEvents = YES;
				INFOPLIST_KEY_UILaunchStoryboardName = LaunchScreen;
				INFOPLIST_KEY_UIMainStoryboardFile = Main;
				INFOPLIST_KEY_UISupportedInterfaceOrientations_iPad = "UIInterfaceOrientationPortrait UIInterfaceOrientationPortraitUpsideDown UIInterfaceOrientationLandscapeLeft UIInterfaceOrientationLandscapeRight";
				INFOPLIST_KEY_UISupportedInterfaceOrientations_iPhone = "UIInterfaceOrientationPortrait UIInterfaceOrientationLandscapeLeft UIInterfaceOrientationLandscapeRight";
				LD_RUNPATH_SEARCH_PATHS = (
					"$(inherited)",
					"@executable_path/Frameworks",
				);
				MARKETING_VERSION = 1.0;
				PRODUCT_BUNDLE_IDENTIFIER = NUS.OrbitalHappyTownNew;
				PRODUCT_NAME = "$(TARGET_NAME)";
				SWIFT_EMIT_LOC_STRINGS = YES;
				SWIFT_VERSION = 5.0;
				TARGETED_DEVICE_FAMILY = "1,2";
			};
			name = Debug;
		};
		3DA3404A2A23BA1C00BFC3BD /* Release */ = {
			isa = XCBuildConfiguration;
			baseConfigurationReference = 4968D7B85C38791B1F53D7B7 /* Pods-OrbitalHappyTownNew.release.xcconfig */;
			buildSettings = {
				ASSETCATALOG_COMPILER_APPICON_NAME = AppIcon;
				ASSETCATALOG_COMPILER_GLOBAL_ACCENT_COLOR_NAME = AccentColor;
				CODE_SIGN_STYLE = Automatic;
				CURRENT_PROJECT_VERSION = 1;
				DEVELOPMENT_TEAM = V53GKTCFYA;
				GENERATE_INFOPLIST_FILE = YES;
				INFOPLIST_FILE = OrbitalHappyTownNew/Info.plist;
				INFOPLIST_KEY_UIApplicationSupportsIndirectInputEvents = YES;
				INFOPLIST_KEY_UILaunchStoryboardName = LaunchScreen;
				INFOPLIST_KEY_UIMainStoryboardFile = Main;
				INFOPLIST_KEY_UISupportedInterfaceOrientations_iPad = "UIInterfaceOrientationPortrait UIInterfaceOrientationPortraitUpsideDown UIInterfaceOrientationLandscapeLeft UIInterfaceOrientationLandscapeRight";
				INFOPLIST_KEY_UISupportedInterfaceOrientations_iPhone = "UIInterfaceOrientationPortrait UIInterfaceOrientationLandscapeLeft UIInterfaceOrientationLandscapeRight";
				LD_RUNPATH_SEARCH_PATHS = (
					"$(inherited)",
					"@executable_path/Frameworks",
				);
				MARKETING_VERSION = 1.0;
				PRODUCT_BUNDLE_IDENTIFIER = NUS.OrbitalHappyTownNew;
				PRODUCT_NAME = "$(TARGET_NAME)";
				SWIFT_EMIT_LOC_STRINGS = YES;
				SWIFT_VERSION = 5.0;
				TARGETED_DEVICE_FAMILY = "1,2";
			};
			name = Release;
		};
/* End XCBuildConfiguration section */

/* Begin XCConfigurationList section */
		3DA3402F2A23BA1A00BFC3BD /* Build configuration list for PBXProject "OrbitalHappyTownNew" */ = {
			isa = XCConfigurationList;
			buildConfigurations = (
				3DA340462A23BA1C00BFC3BD /* Debug */,
				3DA340472A23BA1C00BFC3BD /* Release */,
			);
			defaultConfigurationIsVisible = 0;
			defaultConfigurationName = Release;
		};
		3DA340482A23BA1C00BFC3BD /* Build configuration list for PBXNativeTarget "OrbitalHappyTownNew" */ = {
			isa = XCConfigurationList;
			buildConfigurations = (
				3DA340492A23BA1C00BFC3BD /* Debug */,
				3DA3404A2A23BA1C00BFC3BD /* Release */,
			);
			defaultConfigurationIsVisible = 0;
			defaultConfigurationName = Release;
		};
/* End XCConfigurationList section */
	};
	rootObject = 3DA3402C2A23BA1A00BFC3BD /* Project object */;
}
